// !$*UTF8*$!
{
	archiveVersion = 1;
	classes = {
	};
	objectVersion = 46;
	objects = {

/* Begin PBXBuildFile section */
		20860C101C3D441400061B06 /* main.m in Sources */ = {isa = PBXBuildFile; fileRef = 20860C0F1C3D441400061B06 /* main.m */; };
		20860C131C3D441500061B06 /* AppDelegate.m in Sources */ = {isa = PBXBuildFile; fileRef = 20860C121C3D441500061B06 /* AppDelegate.m */; };
		20860C161C3D441500061B06 /* ViewController.m in Sources */ = {isa = PBXBuildFile; fileRef = 20860C151C3D441500061B06 /* ViewController.m */; };
		20860C191C3D441500061B06 /* Main.storyboard in Resources */ = {isa = PBXBuildFile; fileRef = 20860C171C3D441500061B06 /* Main.storyboard */; };
		20860C1B1C3D441500061B06 /* Assets.xcassets in Resources */ = {isa = PBXBuildFile; fileRef = 20860C1A1C3D441500061B06 /* Assets.xcassets */; };
		20860C1E1C3D441500061B06 /* LaunchScreen.storyboard in Resources */ = {isa = PBXBuildFile; fileRef = 20860C1C1C3D441500061B06 /* LaunchScreen.storyboard */; };
/* End PBXBuildFile section */

/* Begin PBXFileReference section */
		20860C0B1C3D441400061B06 /* LCSegmentedByTableView.app */ = {isa = PBXFileReference; explicitFileType = wrapper.application; includeInIndex = 0; path = LCSegmentedByTableView.app; sourceTree = BUILT_PRODUCTS_DIR; };
		20860C0F1C3D441400061B06 /* main.m */ = {isa = PBXFileReference; lastKnownFileType = sourcecode.c.objc; path = main.m; sourceTree = "<group>"; };
		20860C111C3D441400061B06 /* AppDelegate.h */ = {isa = PBXFileReference; lastKnownFileType = sourcecode.c.h; path = AppDelegate.h; sourceTree = "<group>"; };
		20860C121C3D441500061B06 /* AppDelegate.m */ = {isa = PBXFileReference; lastKnownFileType = sourcecode.c.objc; path = AppDelegate.m; sourceTree = "<group>"; };
		20860C141C3D441500061B06 /* ViewController.h */ = {isa = PBXFileReference; lastKnownFileType = sourcecode.c.h; path = ViewController.h; sourceTree = "<group>"; };
		20860C151C3D441500061B06 /* ViewController.m */ = {isa = PBXFileReference; lastKnownFileType = sourcecode.c.objc; path = ViewController.m; sourceTree = "<group>"; };
		20860C181C3D441500061B06 /* Base */ = {isa = PBXFileReference; lastKnownFileType = file.storyboard; name = Base; path = Base.lproj/Main.storyboard; sourceTree = "<group>"; };
		20860C1A1C3D441500061B06 /* Assets.xcassets */ = {isa = PBXFileReference; lastKnownFileType = folder.assetcatalog; path = Assets.xcassets; sourceTree = "<group>"; };
		20860C1D1C3D441500061B06 /* Base */ = {isa = PBXFileReference; lastKnownFileType = file.storyboard; name = Base; path = Base.lproj/LaunchScreen.storyboard; sourceTree = "<group>"; };
		20860C1F1C3D441500061B06 /* Info.plist */ = {isa = PBXFileReference; lastKnownFileType = text.plist.xml; path = Info.plist; sourceTree = "<group>"; };
/* End PBXFileReference section */

/* Begin PBXFrameworksBuildPhase section */
		20860C081C3D441400061B06 /* Frameworks */ = {
			isa = PBXFrameworksBuildPhase;
			buildActionMask = 2147483647;
			files = (
			);
			runOnlyForDeploymentPostprocessing = 0;
		};
/* End PBXFrameworksBuildPhase section */

/* Begin PBXGroup section */
		20860C021C3D441400061B06 = {
			isa = PBXGroup;
			children = (
				20860C0D1C3D441400061B06 /* LCSegmentedByTableView */,
				20860C0C1C3D441400061B06 /* Products */,
			);
			sourceTree = "<group>";
		};
		20860C0C1C3D441400061B06 /* Products */ = {
			isa = PBXGroup;
			children = (
				20860C0B1C3D441400061B06 /* LCSegmentedByTableView.app */,
			);
			name = Products;
			sourceTree = "<group>";
		};
		20860C0D1C3D441400061B06 /* LCSegmentedByTableView */ = {
			isa = PBXGroup;
			children = (
				20860C111C3D441400061B06 /* AppDelegate.h */,
				20860C121C3D441500061B06 /* AppDelegate.m */,
				20860C141C3D441500061B06 /* ViewController.h */,
				20860C151C3D441500061B06 /* ViewController.m */,
				20860C171C3D441500061B06 /* Main.storyboard */,
				20860C1A1C3D441500061B06 /* Assets.xcassets */,
				20860C1C1C3D441500061B06 /* LaunchScreen.storyboard */,
				20860C1F1C3D441500061B06 /* Info.plist */,
				20860C0E1C3D441400061B06 /* Supporting Files */,
			);
			path = LCSegmentedByTableView;
			sourceTree = "<group>";
		};
		20860C0E1C3D441400061B06 /* Supporting Files */ = {
			isa = PBXGroup;
			children = (
				20860C0F1C3D441400061B06 /* main.m */,
			);
			name = "Supporting Files";
			sourceTree = "<group>";
		};
/* End PBXGroup section */

/* Begin PBXNativeTarget section */
		20860C0A1C3D441400061B06 /* LCSegmentedByTableView */ = {
			isa = PBXNativeTarget;
			buildConfigurationList = 20860C221C3D441500061B06 /* Build configuration list for PBXNativeTarget "LCSegmentedByTableView" */;
			buildPhases = (
				20860C071C3D441400061B06 /* Sources */,
				20860C081C3D441400061B06 /* Frameworks */,
				20860C091C3D441400061B06 /* Resources */,
			);
			buildRules = (
			);
			dependencies = (
			);
			name = LCSegmentedByTableView;
			productName = LCSegmentedByTableView;
			productReference = 20860C0B1C3D441400061B06 /* LCSegmentedByTableView.app */;
			productType = "com.apple.product-type.application";
		};
/* End PBXNativeTarget section */

/* Begin PBXProject section */
		20860C031C3D441400061B06 /* Project object */ = {
			isa = PBXProject;
			attributes = {
				LastUpgradeCheck = 0720;
				ORGANIZATIONNAME = "刘聪";
				TargetAttributes = {
					20860C0A1C3D441400061B06 = {
						CreatedOnToolsVersion = 7.2;
					};
				};
			};
			buildConfigurationList = 20860C061C3D441400061B06 /* Build configuration list for PBXProject "LCSegmentedByTableView" */;
			compatibilityVersion = "Xcode 3.2";
			developmentRegion = English;
			hasScannedForEncodings = 0;
			knownRegions = (
				en,
				Base,
			);
			mainGroup = 20860C021C3D441400061B06;
			productRefGroup = 20860C0C1C3D441400061B06 /* Products */;
			projectDirPath = "";
			projectRoot = "";
			targets = (
				20860C0A1C3D441400061B06 /* LCSegmentedByTableView */,
			);
		};
/* End PBXProject section */

/* Begin PBXResourcesBuildPhase section */
		20860C091C3D441400061B06 /* Resources */ = {
			isa = PBXResourcesBuildPhase;
			buildActionMask = 2147483647;
			files = (
				20860C1E1C3D441500061B06 /* LaunchScreen.storyboard in Resources */,
				20860C1B1C3D441500061B06 /* Assets.xcassets in Resources */,
				20860C191C3D441500061B06 /* Main.storyboard in Resources */,
			);
			runOnlyForDeploymentPostprocessing = 0;
		};
/* End PBXResourcesBuildPhase section */

/* Begin PBXSourcesBuildPhase section */
		20860C071C3D441400061B06 /* Sources */ = {
			isa = PBXSourcesBuildPhase;
			buildActionMask = 2147483647;
			files = (
				20860C161C3D441500061B06 /* ViewController.m in Sources */,
				20860C131C3D441500061B06 /* AppDelegate.m in Sources */,
				20860C101C3D441400061B06 /* main.m in Sources */,
			);
			runOnlyForDeploymentPostprocessing = 0;
		};
/* End PBXSourcesBuildPhase section */

/* Begin PBXVariantGroup section */
		20860C171C3D441500061B06 /* Main.storyboard */ = {
			isa = PBXVariantGroup;
			children = (
				20860C181C3D441500061B06 /* Base */,
			);
			name = Main.storyboard;
			sourceTree = "<group>";
		};
		20860C1C1C3D441500061B06 /* LaunchScreen.storyboard */ = {
			isa = PBXVariantGroup;
			children = (
				20860C1D1C3D441500061B06 /* Base */,
			);
			name = LaunchScreen.storyboard;
			sourceTree = "<group>";
		};
/* End PBXVariantGroup section */

/* Begin XCBuildConfiguration section */
		20860C201C3D441500061B06 /* Debug */ = {
			isa = XCBuildConfiguration;
			buildSettings = {
				ALWAYS_SEARCH_USER_PATHS = NO;
				CLANG_CXX_LANGUAGE_STANDARD = "gnu++0x";
				CLANG_CXX_LIBRARY = "libc++";
				CLANG_ENABLE_MODULES = YES;
				CLANG_ENABLE_OBJC_ARC = YES;
				CLANG_WARN_BOOL_CONVERSION = YES;
				CLANG_WARN_CONSTANT_CONVERSION = YES;
				CLANG_WARN_DIRECT_OBJC_ISA_USAGE = YES_ERROR;
				CLANG_WARN_EMPTY_BODY = YES;
				CLANG_WARN_ENUM_CONVERSION = YES;
				CLANG_WARN_INT_CONVERSION = YES;
				CLANG_WARN_OBJC_ROOT_CLASS = YES_ERROR;
				CLANG_WARN_UNREACHABLE_CODE = YES;
				CLANG_WARN__DUPLICATE_METHOD_MATCH = YES;
				"CODE_SIGN_IDENTITY[sdk=iphoneos*]" = "iPhone Developer";
				COPY_PHASE_STRIP = NO;
				DEBUG_INFORMATION_FORMAT = dwarf;
				ENABLE_STRICT_OBJC_MSGSEND = YES;
				ENABLE_TESTABILITY = YES;
				GCC_C_LANGUAGE_STANDARD = gnu99;
				GCC_DYNAMIC_NO_PIC = NO;
				GCC_NO_COMMON_BLOCKS = YES;
				GCC_OPTIMIZATION_LEVEL = 0;
				GCC_PREPROCESSOR_DEFINITIONS = (
					"DEBUG=1",
					"$(inherited)",
				);
				GCC_WARN_64_TO_32_BIT_CONVERSION = YES;
				GCC_WARN_ABOUT_RETURN_TYPE = YES_ERROR;
				GCC_WARN_UNDECLARED_SELECTOR = YES;
				GCC_WARN_UNINITIALIZED_AUTOS = YES_AGGRESSIVE;
				GCC_WARN_UNUSED_FUNCTION = YES;
				GCC_WARN_UNUSED_VARIABLE = YES;
				IPHONEOS_DEPLOYMENT_TARGET = 9.2;
				MTL_ENABLE_DEBUG_INFO = YES;
				ONLY_ACTIVE_ARCH = YES;
				SDKROOT = iphoneos;
				TARGETED_DEVICE_FAMILY = "1,2";
			};
			name = Debug;
		};
		20860C211C3D441500061B06 /* Release */ = {
			isa = XCBuildConfiguration;
			buildSettings = {
				ALWAYS_SEARCH_USER_PATHS = NO;
				CLANG_CXX_LANGUAGE_STANDARD = "gnu++0x";
				CLANG_CXX_LIBRARY = "libc++";
				CLANG_ENABLE_MODULES = YES;
				CLANG_ENABLE_OBJC_ARC = YES;
				CLANG_WARN_BOOL_CONVERSION = YES;
				CLANG_WARN_CONSTANT_CONVERSION = YES;
				CLANG_WARN_DIRECT_OBJC_ISA_USAGE = YES_ERROR;
				CLANG_WARN_EMPTY_BODY = YES;
				CLANG_WARN_ENUM_CONVERSION = YES;
				CLANG_WARN_INT_CONVERSION = YES;
				CLANG_WARN_OBJC_ROOT_CLASS = YES_ERROR;
				CLANG_WARN_UNREACHABLE_CODE = YES;
				CLANG_WARN__DUPLICATE_METHOD_MATCH = YES;
				"CODE_SIGN_IDENTITY[sdk=iphoneos*]" = "iPhone Developer";
				COPY_PHASE_STRIP = NO;
				DEBUG_INFORMATION_FORMAT = "dwarf-with-dsym";
				ENABLE_NS_ASSERTIONS = NO;
				ENABLE_STRICT_OBJC_MSGSEND = YES;
				GCC_C_LANGUAGE_STANDARD = gnu99;
				GCC_NO_COMMON_BLOCKS = YES;
				GCC_WARN_64_TO_32_BIT_CONVERSION = YES;
				GCC_WARN_ABOUT_RETURN_TYPE = YES_ERROR;
				GCC_WARN_UNDECLARED_SELECTOR = YES;
				GCC_WARN_UNINITIALIZED_AUTOS = YES_AGGRESSIVE;
				GCC_WARN_UNUSED_FUNCTION = YES;
				GCC_WARN_UNUSED_VARIABLE = YES;
				IPHONEOS_DEPLOYMENT_TARGET = 9.2;
				MTL_ENABLE_DEBUG_INFO = NO;
				SDKROOT = iphoneos;
				TARGETED_DEVICE_FAMILY = "1,2";
				VALIDATE_PRODUCT = YES;
			};
			name = Release;
		};
		20860C231C3D441500061B06 /* Debug */ = {
			isa = XCBuildConfiguration;
			buildSettings = {
				ASSETCATALOG_COMPILER_APPICON_NAME = AppIcon;
				INFOPLIST_FILE = LCSegmentedByTableView/Info.plist;
				LD_RUNPATH_SEARCH_PATHS = "$(inherited) @executable_path/Frameworks";
				PRODUCT_BUNDLE_IDENTIFIER = Moming.LCSegmentedByTableView;
				PRODUCT_NAME = "$(TARGET_NAME)";
			};
			name = Debug;
		};
		20860C241C3D441500061B06 /* Release */ = {
			isa = XCBuildConfiguration;
			buildSettings = {
				ASSETCATALOG_COMPILER_APPICON_NAME = AppIcon;
				INFOPLIST_FILE = LCSegmentedByTableView/Info.plist;
				LD_RUNPATH_SEARCH_PATHS = "$(inherited) @executable_path/Frameworks";
				PRODUCT_BUNDLE_IDENTIFIER = Moming.LCSegmentedByTableView;
				PRODUCT_NAME = "$(TARGET_NAME)";
			};
			name = Release;
		};
/* End XCBuildConfiguration section */

/* Begin XCConfigurationList section */
		20860C061C3D441400061B06 /* Build configuration list for PBXProject "LCSegmentedByTableView" */ = {
			isa = XCConfigurationList;
			buildConfigurations = (
				20860C201C3D441500061B06 /* Debug */,
				20860C211C3D441500061B06 /* Release */,
			);
			defaultConfigurationIsVisible = 0;
			defaultConfigurationName = Release;
		};
		20860C221C3D441500061B06 /* Build configuration list for PBXNativeTarget "LCSegmentedByTableView" */ = {
			isa = XCConfigurationList;
			buildConfigurations = (
				20860C231C3D441500061B06 /* Debug */,
				20860C241C3D441500061B06 /* Release */,
			);
			defaultConfigurationIsVisible = 0;
		};
/* End XCConfigurationList section */
	};
	rootObject = 20860C031C3D441400061B06 /* Project object */;
}
